
Microsoft Visual Studio Solution File, Format Version 12.00
# Visual Studio 15
VisualStudioVersion = 15.0.27130.2024
MinimumVisualStudioVersion = 10.0.40219.1
Project("{FAE04EC0-301F-11D3-BF4B-00C04F79EFBC}") = "WindowsFormsApp7", "WindowsFormsApp7\WindowsFormsApp7.csproj", "{1FC1B53A-0F99-431F-9776-6439C15C85AB}"
EndProject
Global
	GlobalSection(SolutionConfigurationPlatforms) = preSolution
		Debug|Any CPU = Debug|Any CPU
		Release|Any CPU = Release|Any CPU
	EndGlobalSection
	GlobalSection(ProjectConfigurationPlatforms) = postSolution
		{1FC1B53A-0F99-431F-9776-6439C15C85AB}.Debug|Any CPU.ActiveCfg = Debug|Any CPU
		{1FC1B53A-0F99-431F-9776-6439C15C85AB}.Debug|Any CPU.Build.0 = Debug|Any CPU
		{1FC1B53A-0F99-431F-9776-6439C15C85AB}.Release|Any CPU.ActiveCfg = Release|Any CPU
		{1FC1B53A-0F99-431F-9776-6439C15C85AB}.Release|Any CPU.Build.0 = Release|Any CPU
	EndGlobalSection
	GlobalSection(SolutionProperties) = preSolution
		HideSolutionNode = FALSE
	EndGlobalSection
	GlobalSection(ExtensibilityGlobals) = postSolution
		SolutionGuid = {E4C0F8DB-666F-4479-A598-2EA6DE468D7D}
	EndGlobalSection
EndGlobal
